// !$*UTF8*$!
{
	archiveVersion = 1;
	classes = {
	};
	objectVersion = 46;
	objects = {

/* Begin PBXBuildFile section */
		6F7120DC1B14734E001F6EDC /* WeChatSessionActivity.m in Sources */ = {isa = PBXBuildFile; fileRef = 6F7120DA1B14734E001F6EDC /* WeChatSessionActivity.m */; };
		6FE355CF1B03279D0021D83B /* main.m in Sources */ = {isa = PBXBuildFile; fileRef = 6FE355CE1B03279D0021D83B /* main.m */; };
		6FE355D21B03279D0021D83B /* AppDelegate.m in Sources */ = {isa = PBXBuildFile; fileRef = 6FE355D11B03279D0021D83B /* AppDelegate.m */; };
		6FE355D51B03279D0021D83B /* ViewController.m in Sources */ = {isa = PBXBuildFile; fileRef = 6FE355D41B03279D0021D83B /* ViewController.m */; };
		6FE355D81B03279D0021D83B /* Main.storyboard in Resources */ = {isa = PBXBuildFile; fileRef = 6FE355D61B03279D0021D83B /* Main.storyboard */; };
		6FE355DA1B03279D0021D83B /* Images.xcassets in Resources */ = {isa = PBXBuildFile; fileRef = 6FE355D91B03279D0021D83B /* Images.xcassets */; };
		6FE355DD1B03279D0021D83B /* LaunchScreen.xib in Resources */ = {isa = PBXBuildFile; fileRef = 6FE355DB1B03279D0021D83B /* LaunchScreen.xib */; };
		6FE355E91B03279D0021D83B /* WeChatSharingFromActivityTests.m in Sources */ = {isa = PBXBuildFile; fileRef = 6FE355E81B03279D0021D83B /* WeChatSharingFromActivityTests.m */; };
		6FE355F61B0327C80021D83B /* libWeChatSDK.a in Frameworks */ = {isa = PBXBuildFile; fileRef = 6FE355F31B0327C80021D83B /* libWeChatSDK.a */; };
		6FE355F81B03281F0021D83B /* UIKit.framework in Frameworks */ = {isa = PBXBuildFile; fileRef = 6FE355F71B03281F0021D83B /* UIKit.framework */; };
		6FE355FA1B0328260021D83B /* CoreFoundation.framework in Frameworks */ = {isa = PBXBuildFile; fileRef = 6FE355F91B0328260021D83B /* CoreFoundation.framework */; };
		6FE355FC1B03282B0021D83B /* Foundation.framework in Frameworks */ = {isa = PBXBuildFile; fileRef = 6FE355FB1B03282B0021D83B /* Foundation.framework */; };
		6FE356031B0329020021D83B /* WeChatActivityBasic.m in Sources */ = {isa = PBXBuildFile; fileRef = 6FE356021B0329020021D83B /* WeChatActivityBasic.m */; };
		6FE356061B0332170021D83B /* WeChatMomentsActivity.m in Sources */ = {isa = PBXBuildFile; fileRef = 6FE356051B0332170021D83B /* WeChatMomentsActivity.m */; };
/* End PBXBuildFile section */

/* Begin PBXContainerItemProxy section */
		6FE355E31B03279D0021D83B /* PBXContainerItemProxy */ = {
			isa = PBXContainerItemProxy;
			containerPortal = 6FE355C11B03279D0021D83B /* Project object */;
			proxyType = 1;
			remoteGlobalIDString = 6FE355C81B03279D0021D83B;
			remoteInfo = WeChatSharingFromActivity;
		};
/* End PBXContainerItemProxy section */

/* Begin PBXFileReference section */
		6F7120DA1B14734E001F6EDC /* WeChatSessionActivity.m */ = {isa = PBXFileReference; fileEncoding = 4; lastKnownFileType = sourcecode.c.objc; path = WeChatSessionActivity.m; sourceTree = "<group>"; };
		6F7120DB1B14734E001F6EDC /* WeChatSessionActivity.h */ = {isa = PBXFileReference; fileEncoding = 4; lastKnownFileType = sourcecode.c.h; path = WeChatSessionActivity.h; sourceTree = "<group>"; };
		6FE355C91B03279D0021D83B /* WeChatSharingFromActivity.app */ = {isa = PBXFileReference; explicitFileType = wrapper.application; includeInIndex = 0; path = WeChatSharingFromActivity.app; sourceTree = BUILT_PRODUCTS_DIR; };
		6FE355CD1B03279D0021D83B /* Info.plist */ = {isa = PBXFileReference; lastKnownFileType = text.plist.xml; path = Info.plist; sourceTree = "<group>"; };
		6FE355CE1B03279D0021D83B /* main.m */ = {isa = PBXFileReference; lastKnownFileType = sourcecode.c.objc; path = main.m; sourceTree = "<group>"; };
		6FE355D01B03279D0021D83B /* AppDelegate.h */ = {isa = PBXFileReference; lastKnownFileType = sourcecode.c.h; path = AppDelegate.h; sourceTree = "<group>"; };
		6FE355D11B03279D0021D83B /* AppDelegate.m */ = {isa = PBXFileReference; lastKnownFileType = sourcecode.c.objc; path = AppDelegate.m; sourceTree = "<group>"; };
		6FE355D31B03279D0021D83B /* ViewController.h */ = {isa = PBXFileReference; lastKnownFileType = sourcecode.c.h; path = ViewController.h; sourceTree = "<group>"; };
		6FE355D41B03279D0021D83B /* ViewController.m */ = {isa = PBXFileReference; lastKnownFileType = sourcecode.c.objc; path = ViewController.m; sourceTree = "<group>"; };
		6FE355D71B03279D0021D83B /* Base */ = {isa = PBXFileReference; lastKnownFileType = file.storyboard; name = Base; path = Base.lproj/Main.storyboard; sourceTree = "<group>"; };
		6FE355D91B03279D0021D83B /* Images.xcassets */ = {isa = PBXFileReference; lastKnownFileType = folder.assetcatalog; path = Images.xcassets; sourceTree = "<group>"; };
		6FE355DC1B03279D0021D83B /* Base */ = {isa = PBXFileReference; lastKnownFileType = file.xib; name = Base; path = Base.lproj/LaunchScreen.xib; sourceTree = "<group>"; };
		6FE355E21B03279D0021D83B /* WeChatSharingFromActivityTests.xctest */ = {isa = PBXFileReference; explicitFileType = wrapper.cfbundle; includeInIndex = 0; path = WeChatSharingFromActivityTests.xctest; sourceTree = BUILT_PRODUCTS_DIR; };
		6FE355E71B03279D0021D83B /* Info.plist */ = {isa = PBXFileReference; lastKnownFileType = text.plist.xml; path = Info.plist; sourceTree = "<group>"; };
		6FE355E81B03279D0021D83B /* WeChatSharingFromActivityTests.m */ = {isa = PBXFileReference; lastKnownFileType = sourcecode.c.objc; path = WeChatSharingFromActivityTests.m; sourceTree = "<group>"; };
		6FE355F31B0327C80021D83B /* libWeChatSDK.a */ = {isa = PBXFileReference; lastKnownFileType = archive.ar; path = libWeChatSDK.a; sourceTree = "<group>"; };
		6FE355F41B0327C80021D83B /* WXApi.h */ = {isa = PBXFileReference; fileEncoding = 4; lastKnownFileType = sourcecode.c.h; path = WXApi.h; sourceTree = "<group>"; };
		6FE355F51B0327C80021D83B /* WXApiObject.h */ = {isa = PBXFileReference; fileEncoding = 4; lastKnownFileType = sourcecode.c.h; path = WXApiObject.h; sourceTree = "<group>"; };
		6FE355F71B03281F0021D83B /* UIKit.framework */ = {isa = PBXFileReference; lastKnownFileType = wrapper.framework; name = UIKit.framework; path = System/Library/Frameworks/UIKit.framework; sourceTree = SDKROOT; };
		6FE355F91B0328260021D83B /* CoreFoundation.framework */ = {isa = PBXFileReference; lastKnownFileType = wrapper.framework; name = CoreFoundation.framework; path = System/Library/Frameworks/CoreFoundation.framework; sourceTree = SDKROOT; };
		6FE355FB1B03282B0021D83B /* Foundation.framework */ = {isa = PBXFileReference; lastKnownFileType = wrapper.framework; name = Foundation.framework; path = System/Library/Frameworks/Foundation.framework; sourceTree = SDKROOT; };
		6FE356011B0329020021D83B /* WeChatActivityBasic.h */ = {isa = PBXFileReference; fileEncoding = 4; lastKnownFileType = sourcecode.c.h; path = WeChatActivityBasic.h; sourceTree = "<group>"; };
		6FE356021B0329020021D83B /* WeChatActivityBasic.m */ = {isa = PBXFileReference; fileEncoding = 4; lastKnownFileType = sourcecode.c.objc; path = WeChatActivityBasic.m; sourceTree = "<group>"; };
		6FE356041B0332170021D83B /* WeChatMomentsActivity.h */ = {isa = PBXFileReference; fileEncoding = 4; lastKnownFileType = sourcecode.c.h; path = WeChatMomentsActivity.h; sourceTree = "<group>"; };
		6FE356051B0332170021D83B /* WeChatMomentsActivity.m */ = {isa = PBXFileReference; fileEncoding = 4; lastKnownFileType = sourcecode.c.objc; path = WeChatMomentsActivity.m; sourceTree = "<group>"; };
/* End PBXFileReference section */

/* Begin PBXFrameworksBuildPhase section */
		6FE355C61B03279D0021D83B /* Frameworks */ = {
			isa = PBXFrameworksBuildPhase;
			buildActionMask = 2147483647;
			files = (
				6FE355FC1B03282B0021D83B /* Foundation.framework in Frameworks */,
				6FE355FA1B0328260021D83B /* CoreFoundation.framework in Frameworks */,
				6FE355F81B03281F0021D83B /* UIKit.framework in Frameworks */,
				6FE355F61B0327C80021D83B /* libWeChatSDK.a in Frameworks */,
			);
			runOnlyForDeploymentPostprocessing = 0;
		};
		6FE355DF1B03279D0021D83B /* Frameworks */ = {
			isa = PBXFrameworksBuildPhase;
			buildActionMask = 2147483647;
			files = (
			);
			runOnlyForDeploymentPostprocessing = 0;
		};
/* End PBXFrameworksBuildPhase section */

/* Begin PBXGroup section */
		6FE355C01B03279D0021D83B = {
			isa = PBXGroup;
			children = (
				6FE355FB1B03282B0021D83B /* Foundation.framework */,
				6FE355F91B0328260021D83B /* CoreFoundation.framework */,
				6FE355F71B03281F0021D83B /* UIKit.framework */,
				6FE355CB1B03279D0021D83B /* WeChatSharingFromActivity */,
				6FE355E51B03279D0021D83B /* WeChatSharingFromActivityTests */,
				6FE355CA1B03279D0021D83B /* Products */,
			);
			sourceTree = "<group>";
		};
		6FE355CA1B03279D0021D83B /* Products */ = {
			isa = PBXGroup;
			children = (
				6FE355C91B03279D0021D83B /* WeChatSharingFromActivity.app */,
				6FE355E21B03279D0021D83B /* WeChatSharingFromActivityTests.xctest */,
			);
			name = Products;
			sourceTree = "<group>";
		};
		6FE355CB1B03279D0021D83B /* WeChatSharingFromActivity */ = {
			isa = PBXGroup;
			children = (
				6FE356001B0329020021D83B /* Components */,
				6FE355F21B0327C80021D83B /* WeChatSDK */,
				6FE355D01B03279D0021D83B /* AppDelegate.h */,
				6FE355D11B03279D0021D83B /* AppDelegate.m */,
				6FE355D31B03279D0021D83B /* ViewController.h */,
				6FE355D41B03279D0021D83B /* ViewController.m */,
				6FE355D61B03279D0021D83B /* Main.storyboard */,
				6FE355D91B03279D0021D83B /* Images.xcassets */,
				6FE355DB1B03279D0021D83B /* LaunchScreen.xib */,
				6FE355CC1B03279D0021D83B /* Supporting Files */,
			);
			path = WeChatSharingFromActivity;
			sourceTree = "<group>";
		};
		6FE355CC1B03279D0021D83B /* Supporting Files */ = {
			isa = PBXGroup;
			children = (
				6FE355CD1B03279D0021D83B /* Info.plist */,
				6FE355CE1B03279D0021D83B /* main.m */,
			);
			name = "Supporting Files";
			sourceTree = "<group>";
		};
		6FE355E51B03279D0021D83B /* WeChatSharingFromActivityTests */ = {
			isa = PBXGroup;
			children = (
				6FE355E81B03279D0021D83B /* WeChatSharingFromActivityTests.m */,
				6FE355E61B03279D0021D83B /* Supporting Files */,
			);
			path = WeChatSharingFromActivityTests;
			sourceTree = "<group>";
		};
		6FE355E61B03279D0021D83B /* Supporting Files */ = {
			isa = PBXGroup;
			children = (
				6FE355E71B03279D0021D83B /* Info.plist */,
			);
			name = "Supporting Files";
			sourceTree = "<group>";
		};
		6FE355F21B0327C80021D83B /* WeChatSDK */ = {
			isa = PBXGroup;
			children = (
				6FE355F31B0327C80021D83B /* libWeChatSDK.a */,
				6FE355F41B0327C80021D83B /* WXApi.h */,
				6FE355F51B0327C80021D83B /* WXApiObject.h */,
			);
			path = WeChatSDK;
			sourceTree = "<group>";
		};
		6FE356001B0329020021D83B /* Components */ = {
			isa = PBXGroup;
			children = (
				6FE356011B0329020021D83B /* WeChatActivityBasic.h */,
				6FE356021B0329020021D83B /* WeChatActivityBasic.m */,
				6FE356041B0332170021D83B /* WeChatMomentsActivity.h */,
				6FE356051B0332170021D83B /* WeChatMomentsActivity.m */,
				6F7120DB1B14734E001F6EDC /* WeChatSessionActivity.h */,
				6F7120DA1B14734E001F6EDC /* WeChatSessionActivity.m */,
			);
			path = Components;
			sourceTree = "<group>";
		};
/* End PBXGroup section */

/* Begin PBXNativeTarget section */
		6FE355C81B03279D0021D83B /* WeChatSharingFromActivity */ = {
			isa = PBXNativeTarget;
			buildConfigurationList = 6FE355EC1B03279D0021D83B /* Build configuration list for PBXNativeTarget "WeChatSharingFromActivity" */;
			buildPhases = (
				6FE355C51B03279D0021D83B /* Sources */,
				6FE355C61B03279D0021D83B /* Frameworks */,
				6FE355C71B03279D0021D83B /* Resources */,
			);
			buildRules = (
			);
			dependencies = (
			);
			name = WeChatSharingFromActivity;
			productName = WeChatSharingFromActivity;
			productReference = 6FE355C91B03279D0021D83B /* WeChatSharingFromActivity.app */;
			productType = "com.apple.product-type.application";
		};
		6FE355E11B03279D0021D83B /* WeChatSharingFromActivityTests */ = {
			isa = PBXNativeTarget;
			buildConfigurationList = 6FE355EF1B03279D0021D83B /* Build configuration list for PBXNativeTarget "WeChatSharingFromActivityTests" */;
			buildPhases = (
				6FE355DE1B03279D0021D83B /* Sources */,
				6FE355DF1B03279D0021D83B /* Frameworks */,
				6FE355E01B03279D0021D83B /* Resources */,
			);
			buildRules = (
			);
			dependencies = (
				6FE355E41B03279D0021D83B /* PBXTargetDependency */,
			);
			name = WeChatSharingFromActivityTests;
			productName = WeChatSharingFromActivityTests;
			productReference = 6FE355E21B03279D0021D83B /* WeChatSharingFromActivityTests.xctest */;
			productType = "com.apple.product-type.bundle.unit-test";
		};
/* End PBXNativeTarget section */

/* Begin PBXProject section */
		6FE355C11B03279D0021D83B /* Project object */ = {
			isa = PBXProject;
			attributes = {
				LastUpgradeCheck = 0630;
				ORGANIZATIONNAME = "Leo Han";
				TargetAttributes = {
					6FE355C81B03279D0021D83B = {
						CreatedOnToolsVersion = 6.3.1;
					};
					6FE355E11B03279D0021D83B = {
						CreatedOnToolsVersion = 6.3.1;
						TestTargetID = 6FE355C81B03279D0021D83B;
					};
				};
			};
			buildConfigurationList = 6FE355C41B03279D0021D83B /* Build configuration list for PBXProject "WeChatSharingFromActivity" */;
			compatibilityVersion = "Xcode 3.2";
			developmentRegion = English;
			hasScannedForEncodings = 0;
			knownRegions = (
				en,
				Base,
			);
			mainGroup = 6FE355C01B03279D0021D83B;
			productRefGroup = 6FE355CA1B03279D0021D83B /* Products */;
			projectDirPath = "";
			projectRoot = "";
			targets = (
				6FE355C81B03279D0021D83B /* WeChatSharingFromActivity */,
				6FE355E11B03279D0021D83B /* WeChatSharingFromActivityTests */,
			);
		};
/* End PBXProject section */

/* Begin PBXResourcesBuildPhase section */
		6FE355C71B03279D0021D83B /* Resources */ = {
			isa = PBXResourcesBuildPhase;
			buildActionMask = 2147483647;
			files = (
				6FE355D81B03279D0021D83B /* Main.storyboard in Resources */,
				6FE355DD1B03279D0021D83B /* LaunchScreen.xib in Resources */,
				6FE355DA1B03279D0021D83B /* Images.xcassets in Resources */,
			);
			runOnlyForDeploymentPostprocessing = 0;
		};
		6FE355E01B03279D0021D83B /* Resources */ = {
			isa = PBXResourcesBuildPhase;
			buildActionMask = 2147483647;
			files = (
			);
			runOnlyForDeploymentPostprocessing = 0;
		};
/* End PBXResourcesBuildPhase section */

/* Begin PBXSourcesBuildPhase section */
		6FE355C51B03279D0021D83B /* Sources */ = {
			isa = PBXSourcesBuildPhase;
			buildActionMask = 2147483647;
			files = (
				6FE356061B0332170021D83B /* WeChatMomentsActivity.m in Sources */,
				6F7120DC1B14734E001F6EDC /* WeChatSessionActivity.m in Sources */,
				6FE355D51B03279D0021D83B /* ViewController.m in Sources */,
				6FE355D21B03279D0021D83B /* AppDelegate.m in Sources */,
				6FE355CF1B03279D0021D83B /* main.m in Sources */,
				6FE356031B0329020021D83B /* WeChatActivityBasic.m in Sources */,
			);
			runOnlyForDeploymentPostprocessing = 0;
		};
		6FE355DE1B03279D0021D83B /* Sources */ = {
			isa = PBXSourcesBuildPhase;
			buildActionMask = 2147483647;
			files = (
				6FE355E91B03279D0021D83B /* WeChatSharingFromActivityTests.m in Sources */,
			);
			runOnlyForDeploymentPostprocessing = 0;
		};
/* End PBXSourcesBuildPhase section */

/* Begin PBXTargetDependency section */
		6FE355E41B03279D0021D83B /* PBXTargetDependency */ = {
			isa = PBXTargetDependency;
			target = 6FE355C81B03279D0021D83B /* WeChatSharingFromActivity */;
			targetProxy = 6FE355E31B03279D0021D83B /* PBXContainerItemProxy */;
		};
/* End PBXTargetDependency section */

/* Begin PBXVariantGroup section */
		6FE355D61B03279D0021D83B /* Main.storyboard */ = {
			isa = PBXVariantGroup;
			children = (
				6FE355D71B03279D0021D83B /* Base */,
			);
			name = Main.storyboard;
			sourceTree = "<group>";
		};
		6FE355DB1B03279D0021D83B /* LaunchScreen.xib */ = {
			isa = PBXVariantGroup;
			children = (
				6FE355DC1B03279D0021D83B /* Base */,
			);
			name = LaunchScreen.xib;
			sourceTree = "<group>";
		};
/* End PBXVariantGroup section */

/* Begin XCBuildConfiguration section */
		6FE355EA1B03279D0021D83B /* Debug */ = {
			isa = XCBuildConfiguration;
			buildSettings = {
				ALWAYS_SEARCH_USER_PATHS = NO;
				CLANG_CXX_LANGUAGE_STANDARD = "gnu++0x";
				CLANG_CXX_LIBRARY = "libc++";
				CLANG_ENABLE_MODULES = YES;
				CLANG_ENABLE_OBJC_ARC = YES;
				CLANG_WARN_BOOL_CONVERSION = YES;
				CLANG_WARN_CONSTANT_CONVERSION = YES;
				CLANG_WARN_DIRECT_OBJC_ISA_USAGE = YES_ERROR;
				CLANG_WARN_EMPTY_BODY = YES;
				CLANG_WARN_ENUM_CONVERSION = YES;
				CLANG_WARN_INT_CONVERSION = YES;
				CLANG_WARN_OBJC_ROOT_CLASS = YES_ERROR;
				CLANG_WARN_UNREACHABLE_CODE = YES;
				CLANG_WARN__DUPLICATE_METHOD_MATCH = YES;
				"CODE_SIGN_IDENTITY[sdk=iphoneos*]" = "iPhone Developer";
				COPY_PHASE_STRIP = NO;
				DEBUG_INFORMATION_FORMAT = "dwarf-with-dsym";
				ENABLE_STRICT_OBJC_MSGSEND = YES;
				GCC_C_LANGUAGE_STANDARD = gnu99;
				GCC_DYNAMIC_NO_PIC = NO;
				GCC_NO_COMMON_BLOCKS = YES;
				GCC_OPTIMIZATION_LEVEL = 0;
				GCC_PREPROCESSOR_DEFINITIONS = (
					"DEBUG=1",
					"$(inherited)",
				);
				GCC_SYMBOLS_PRIVATE_EXTERN = NO;
				GCC_WARN_64_TO_32_BIT_CONVERSION = YES;
				GCC_WARN_ABOUT_RETURN_TYPE = YES_ERROR;
				GCC_WARN_UNDECLARED_SELECTOR = YES;
				GCC_WARN_UNINITIALIZED_AUTOS = YES_AGGRESSIVE;
				GCC_WARN_UNUSED_FUNCTION = YES;
				GCC_WARN_UNUSED_VARIABLE = YES;
				IPHONEOS_DEPLOYMENT_TARGET = 8.3;
				MTL_ENABLE_DEBUG_INFO = YES;
				ONLY_ACTIVE_ARCH = YES;
				SDKROOT = iphoneos;
				TARGETED_DEVICE_FAMILY = "1,2";
			};
			name = Debug;
		};
		6FE355EB1B03279D0021D83B /* Release */ = {
			isa = XCBuildConfiguration;
			buildSettings = {
				ALWAYS_SEARCH_USER_PATHS = NO;
				CLANG_CXX_LANGUAGE_STANDARD = "gnu++0x";
				CLANG_CXX_LIBRARY = "libc++";
				CLANG_ENABLE_MODULES = YES;
				CLANG_ENABLE_OBJC_ARC = YES;
				CLANG_WARN_BOOL_CONVERSION = YES;
				CLANG_WARN_CONSTANT_CONVERSION = YES;
				CLANG_WARN_DIRECT_OBJC_ISA_USAGE = YES_ERROR;
				CLANG_WARN_EMPTY_BODY = YES;
				CLANG_WARN_ENUM_CONVERSION = YES;
				CLANG_WARN_INT_CONVERSION = YES;
				CLANG_WARN_OBJC_ROOT_CLASS = YES_ERROR;
				CLANG_WARN_UNREACHABLE_CODE = YES;
				CLANG_WARN__DUPLICATE_METHOD_MATCH = YES;
				"CODE_SIGN_IDENTITY[sdk=iphoneos*]" = "iPhone Developer";
				COPY_PHASE_STRIP = NO;
				DEBUG_INFORMATION_FORMAT = "dwarf-with-dsym";
				ENABLE_NS_ASSERTIONS = NO;
				ENABLE_STRICT_OBJC_MSGSEND = YES;
				GCC_C_LANGUAGE_STANDARD = gnu99;
				GCC_NO_COMMON_BLOCKS = YES;
				GCC_WARN_64_TO_32_BIT_CONVERSION = YES;
				GCC_WARN_ABOUT_RETURN_TYPE = YES_ERROR;
				GCC_WARN_UNDECLARED_SELECTOR = YES;
				GCC_WARN_UNINITIALIZED_AUTOS = YES_AGGRESSIVE;
				GCC_WARN_UNUSED_FUNCTION = YES;
				GCC_WARN_UNUSED_VARIABLE = YES;
				IPHONEOS_DEPLOYMENT_TARGET = 8.3;
				MTL_ENABLE_DEBUG_INFO = NO;
				SDKROOT = iphoneos;
				TARGETED_DEVICE_FAMILY = "1,2";
				VALIDATE_PRODUCT = YES;
			};
			name = Release;
		};
		6FE355ED1B03279D0021D83B /* Debug */ = {
			isa = XCBuildConfiguration;
			buildSettings = {
				ASSETCATALOG_COMPILER_APPICON_NAME = AppIcon;
				INFOPLIST_FILE = WeChatSharingFromActivity/Info.plist;
				LD_RUNPATH_SEARCH_PATHS = "$(inherited) @executable_path/Frameworks";
				LIBRARY_SEARCH_PATHS = (
					"$(inherited)",
					"$(PROJECT_DIR)/WeChatSharingFromActivity/WeChatSDK",
				);
				PRODUCT_NAME = "$(TARGET_NAME)";
			};
			name = Debug;
		};
		6FE355EE1B03279D0021D83B /* Release */ = {
			isa = XCBuildConfiguration;
			buildSettings = {
				ASSETCATALOG_COMPILER_APPICON_NAME = AppIcon;
				INFOPLIST_FILE = WeChatSharingFromActivity/Info.plist;
				LD_RUNPATH_SEARCH_PATHS = "$(inherited) @executable_path/Frameworks";
				LIBRARY_SEARCH_PATHS = (
					"$(inherited)",
					"$(PROJECT_DIR)/WeChatSharingFromActivity/WeChatSDK",
				);
				PRODUCT_NAME = "$(TARGET_NAME)";
			};
			name = Release;
		};
		6FE355F01B03279D0021D83B /* Debug */ = {
			isa = XCBuildConfiguration;
			buildSettings = {
				BUNDLE_LOADER = "$(TEST_HOST)";
				FRAMEWORK_SEARCH_PATHS = (
					"$(SDKROOT)/Developer/Library/Frameworks",
					"$(inherited)",
				);
				GCC_PREPROCESSOR_DEFINITIONS = (
					"DEBUG=1",
					"$(inherited)",
				);
				INFOPLIST_FILE = WeChatSharingFromActivityTests/Info.plist;
				LD_RUNPATH_SEARCH_PATHS = "$(inherited) @executable_path/Frameworks @loader_path/Frameworks";
				PRODUCT_NAME = "$(TARGET_NAME)";
				TEST_HOST = "$(BUILT_PRODUCTS_DIR)/WeChatSharingFromActivity.app/WeChatSharingFromActivity";
			};
			name = Debug;
		};
		6FE355F11B03279D0021D83B /* Release */ = {
			isa = XCBuildConfiguration;
			buildSettings = {
				BUNDLE_LOADER = "$(TEST_HOST)";
				FRAMEWORK_SEARCH_PATHS = (
					"$(SDKROOT)/Developer/Library/Frameworks",
					"$(inherited)",
				);
				INFOPLIST_FILE = WeChatSharingFromActivityTests/Info.plist;
				LD_RUNPATH_SEARCH_PATHS = "$(inherited) @executable_path/Frameworks @loader_path/Frameworks";
				PRODUCT_NAME = "$(TARGET_NAME)";
				TEST_HOST = "$(BUILT_PRODUCTS_DIR)/WeChatSharingFromActivity.app/WeChatSharingFromActivity";
			};
			name = Release;
		};
/* End XCBuildConfiguration section */

/* Begin XCConfigurationList section */
		6FE355C41B03279D0021D83B /* Build configuration list for PBXProject "WeChatSharingFromActivity" */ = {
			isa = XCConfigurationList;
			buildConfigurations = (
				6FE355EA1B03279D0021D83B /* Debug */,
				6FE355EB1B03279D0021D83B /* Release */,
			);
			defaultConfigurationIsVisible = 0;
			defaultConfigurationName = Release;
		};
		6FE355EC1B03279D0021D83B /* Build configuration list for PBXNativeTarget "WeChatSharingFromActivity" */ = {
			isa = XCConfigurationList;
			buildConfigurations = (
				6FE355ED1B03279D0021D83B /* Debug */,
				6FE355EE1B03279D0021D83B /* Release */,
			);
			defaultConfigurationIsVisible = 0;
			defaultConfigurationName = Release;
		};
		6FE355EF1B03279D0021D83B /* Build configuration list for PBXNativeTarget "WeChatSharingFromActivityTests" */ = {
			isa = XCConfigurationList;
			buildConfigurations = (
				6FE355F01B03279D0021D83B /* Debug */,
				6FE355F11B03279D0021D83B /* Release */,
			);
			defaultConfigurationIsVisible = 0;
			defaultConfigurationName = Release;
		};
/* End XCConfigurationList section */
	};
	rootObject = 6FE355C11B03279D0021D83B /* Project object */;
}
